PODS:
  - Differentiator (4.0.1)
  - Kingfisher (6.0.1)
  - Nimble (9.0.0)
  - Quick (3.0.0)
  - ReactorKit (2.1.1):
    - RxSwift (~> 5.0)
    - WeakMapTable (~> 1.1)
  - ReusableKit (3.0.0):
    - ReusableKit/Core (= 3.0.0)
  - ReusableKit/Core (3.0.0)
  - RxCocoa (5.1.1):
    - RxRelay (~> 5)
    - RxSwift (~> 5)
  - RxDataSources (4.0.1):
    - Differentiator (~> 4.0)
    - RxCocoa (~> 5.0)
    - RxSwift (~> 5.0)
  - RxOptional (4.1.0):
    - RxCocoa (~> 5)
    - RxSwift (~> 5)
  - RxRelay (5.1.1):
    - RxSwift (~> 5)
  - RxSwift (5.1.1)
  - RxTest (5.1.1):
    - RxSwift (~> 5)
  - SwiftLint (0.42.0)
  - Then (2.7.0)
  - WeakMapTable (1.2.0)

DEPENDENCIES:
  - Kingfisher
  - Nimble
  - Quick
  - ReactorKit
  - ReusableKit
  - RxCocoa
  - RxDataSources
  - RxOptional
  - RxSwift
  - RxTest
  - SwiftLint
  - Then

SPEC REPOS:
  trunk:
    - Differentiator
    - Kingfisher
    - Nimble
    - Quick
    - ReactorKit
    - ReusableKit
    - RxCocoa
    - RxDataSources
    - RxOptional
    - RxRelay
    - RxSwift
    - RxTest
    - SwiftLint
    - Then
    - WeakMapTable

SPEC CHECKSUMS:
  Differentiator: 886080237d9f87f322641dedbc5be257061b0602
  Kingfisher: adde87a4f74f6a3845395769354efff593581740
  Nimble: 3b4ec3fd40f1dc178058e0981107721c615643d8
  Quick: 6d9559f40647bc4d510103842ef2fdd882d753e2
  ReactorKit: 6d894a20c3d508344320901cd8e386fde92df4b6
  ReusableKit: e5f853ad4652e411f96b6119b2488afa12929be6
  RxCocoa: 32065309a38d29b5b0db858819b5bf9ef038b601
  RxDataSources: efee07fa4de48477eca0a4611e6d11e2da9c1114
  RxOptional: b1fcd60856807a564c0215c2184b8d33e7826dc2
  RxRelay: d77f7d771495f43c556cbc43eebd1bb54d01e8e9
  RxSwift: 81470a2074fa8780320ea5fe4102807cb7118178
  RxTest: 711632d5644dffbeb62c936a521b5b008a1e1faa
  SwiftLint: 4fa9579c63416865179bc416f0a92d55f009600d
  Then: acfe0be7e98221c6204e12f8161459606d5d822d
  WeakMapTable: 05c694ce8439a7a9ebabb56187287a63c57673d6

PODFILE CHECKSUM: 15aadf57676ec0408c1348dcd388867f4568607e

COCOAPODS: 1.10.1
