PODS:
  - Differentiator (4.0.1)
  - Kingfisher (5.4.0)
  - ReactorKit (1.2.1):
    - RxSwift (>= 4.0.0)
  - ReusableKit (2.1.0):
    - ReusableKit/Core (= 2.1.0)
  - ReusableKit/Core (2.1.0)
  - RxCocoa (5.0.0):
    - RxRelay (~> 5)
    - RxSwift (~> 5)
  - RxDataSources (4.0.1):
    - Differentiator (~> 4.0)
    - RxCocoa (~> 5.0)
    - RxSwift (~> 5.0)
  - RxRelay (5.0.0):
    - RxSwift (~> 5)
  - RxSwift (5.0.0)
  - Then (2.4.0)

DEPENDENCIES:
  - Kingfisher
  - ReactorKit
  - ReusableKit
  - RxCocoa
  - RxDataSources
  - RxSwift
  - Then

SPEC REPOS:
  https://github.com/cocoapods/specs.git:
    - Differentiator
    - Kingfisher
    - ReactorKit
    - ReusableKit
    - RxCocoa
    - RxDataSources
    - RxRelay
    - RxSwift
    - Then

SPEC CHECKSUMS:
  Differentiator: 886080237d9f87f322641dedbc5be257061b0602
  Kingfisher: 9c8f2cc6710334e06f32ba2b45e77707d5e2f0c9
  ReactorKit: 8be57f0527ad1ac2963cd5c338274a46a01e57a3
  ReusableKit: d0b040de03b293288b0ca27a78602691d3346d9b
  RxCocoa: fcf32050ac00d801f34a7f71d5e8e7f23026dcd8
  RxDataSources: efee07fa4de48477eca0a4611e6d11e2da9c1114
  RxRelay: 4f7409406a51a55cd88483f21ed898c234d60f18
  RxSwift: 8b0671caa829a763bbce7271095859121cbd895f
  Then: 71866660c7af35a7343831f7668e7cd2b62ee0f2

PODFILE CHECKSUM: bd30219becad74981a0439ece3aca1b1e71956ba

COCOAPODS: 1.6.0
