// !$*UTF8*$!
{
	archiveVersion = 1;
	classes = {
	};
	objectVersion = 50;
	objects = {

/* Begin PBXBuildFile section */
		3542930202897947C5895020 /* Pods_MyGithubUserSearch.framework in Frameworks */ = {isa = PBXBuildFile; fileRef = E619842930ECFD69FAE99D79 /* Pods_MyGithubUserSearch.framework */; };
		3687DCD4227EAD60002DECAE /* AppDelegate.swift in Sources */ = {isa = PBXBuildFile; fileRef = 3687DCD3227EAD60002DECAE /* AppDelegate.swift */; };
		3687DCD6227EAD60002DECAE /* UserSearchViewController.swift in Sources */ = {isa = PBXBuildFile; fileRef = 3687DCD5227EAD60002DECAE /* UserSearchViewController.swift */; };
		3687DCDB227EAD62002DECAE /* Assets.xcassets in Resources */ = {isa = PBXBuildFile; fileRef = 3687DCDA227EAD62002DECAE /* Assets.xcassets */; };
		3687DCDE227EAD62002DECAE /* LaunchScreen.storyboard in Resources */ = {isa = PBXBuildFile; fileRef = 3687DCDC227EAD62002DECAE /* LaunchScreen.storyboard */; };
		3687DCE9227EAD62002DECAE /* MyGithubUserSearchTests.swift in Sources */ = {isa = PBXBuildFile; fileRef = 3687DCE8227EAD62002DECAE /* MyGithubUserSearchTests.swift */; };
		3687DCFD228021D1002DECAE /* User.swift in Sources */ = {isa = PBXBuildFile; fileRef = 3687DCFC228021D1002DECAE /* User.swift */; };
		3687DCFF2280236F002DECAE /* GithubService.swift in Sources */ = {isa = PBXBuildFile; fileRef = 3687DCFE2280236F002DECAE /* GithubService.swift */; };
		3687DD0122802A1C002DECAE /* Constants.swift in Sources */ = {isa = PBXBuildFile; fileRef = 3687DD0022802A1C002DECAE /* Constants.swift */; };
		3687DD0522802B8E002DECAE /* UIKit+MyGithubUserSearch.swift in Sources */ = {isa = PBXBuildFile; fileRef = 3687DD0422802B8E002DECAE /* UIKit+MyGithubUserSearch.swift */; };
		3687DD0A22802E11002DECAE /* UserSearchCell.swift in Sources */ = {isa = PBXBuildFile; fileRef = 3687DD0922802E11002DECAE /* UserSearchCell.swift */; };
		3687DD0C22803737002DECAE /* UserSearchReactor.swift in Sources */ = {isa = PBXBuildFile; fileRef = 3687DD0B22803737002DECAE /* UserSearchReactor.swift */; };
		9903C10116569632318FFD89 /* Pods_MyGithubUserSearchTests.framework in Frameworks */ = {isa = PBXBuildFile; fileRef = C4323F4C3AAF8F13C262D901 /* Pods_MyGithubUserSearchTests.framework */; };
/* End PBXBuildFile section */

/* Begin PBXContainerItemProxy section */
		3687DCE5227EAD62002DECAE /* PBXContainerItemProxy */ = {
			isa = PBXContainerItemProxy;
			containerPortal = 3687DCC8227EAD5F002DECAE /* Project object */;
			proxyType = 1;
			remoteGlobalIDString = 3687DCCF227EAD60002DECAE;
			remoteInfo = MyGithubUserSearch;
		};
/* End PBXContainerItemProxy section */

/* Begin PBXFileReference section */
		3687DCD0227EAD60002DECAE /* MyGithubUserSearch.app */ = {isa = PBXFileReference; explicitFileType = wrapper.application; includeInIndex = 0; path = MyGithubUserSearch.app; sourceTree = BUILT_PRODUCTS_DIR; };
		3687DCD3227EAD60002DECAE /* AppDelegate.swift */ = {isa = PBXFileReference; lastKnownFileType = sourcecode.swift; path = AppDelegate.swift; sourceTree = "<group>"; };
		3687DCD5227EAD60002DECAE /* UserSearchViewController.swift */ = {isa = PBXFileReference; lastKnownFileType = sourcecode.swift; path = UserSearchViewController.swift; sourceTree = "<group>"; };
		3687DCDA227EAD62002DECAE /* Assets.xcassets */ = {isa = PBXFileReference; lastKnownFileType = folder.assetcatalog; path = Assets.xcassets; sourceTree = "<group>"; };
		3687DCDD227EAD62002DECAE /* Base */ = {isa = PBXFileReference; lastKnownFileType = file.storyboard; name = Base; path = Base.lproj/LaunchScreen.storyboard; sourceTree = "<group>"; };
		3687DCDF227EAD62002DECAE /* Info.plist */ = {isa = PBXFileReference; lastKnownFileType = text.plist.xml; path = Info.plist; sourceTree = "<group>"; };
		3687DCE4227EAD62002DECAE /* MyGithubUserSearchTests.xctest */ = {isa = PBXFileReference; explicitFileType = wrapper.cfbundle; includeInIndex = 0; path = MyGithubUserSearchTests.xctest; sourceTree = BUILT_PRODUCTS_DIR; };
		3687DCE8227EAD62002DECAE /* MyGithubUserSearchTests.swift */ = {isa = PBXFileReference; lastKnownFileType = sourcecode.swift; path = MyGithubUserSearchTests.swift; sourceTree = "<group>"; };
		3687DCEA227EAD62002DECAE /* Info.plist */ = {isa = PBXFileReference; lastKnownFileType = text.plist.xml; path = Info.plist; sourceTree = "<group>"; };
		3687DCFC228021D1002DECAE /* User.swift */ = {isa = PBXFileReference; lastKnownFileType = sourcecode.swift; path = User.swift; sourceTree = "<group>"; };
		3687DCFE2280236F002DECAE /* GithubService.swift */ = {isa = PBXFileReference; lastKnownFileType = sourcecode.swift; path = GithubService.swift; sourceTree = "<group>"; };
		3687DD0022802A1C002DECAE /* Constants.swift */ = {isa = PBXFileReference; lastKnownFileType = sourcecode.swift; path = Constants.swift; sourceTree = "<group>"; };
		3687DD0422802B8E002DECAE /* UIKit+MyGithubUserSearch.swift */ = {isa = PBXFileReference; lastKnownFileType = sourcecode.swift; path = "UIKit+MyGithubUserSearch.swift"; sourceTree = "<group>"; };
		3687DD0922802E11002DECAE /* UserSearchCell.swift */ = {isa = PBXFileReference; lastKnownFileType = sourcecode.swift; path = UserSearchCell.swift; sourceTree = "<group>"; };
		3687DD0B22803737002DECAE /* UserSearchReactor.swift */ = {isa = PBXFileReference; lastKnownFileType = sourcecode.swift; path = UserSearchReactor.swift; sourceTree = "<group>"; };
		48D21C2F0F8C2B764AFA1CEB /* Pods-MyGithubUserSearch.release.xcconfig */ = {isa = PBXFileReference; includeInIndex = 1; lastKnownFileType = text.xcconfig; name = "Pods-MyGithubUserSearch.release.xcconfig"; path = "Target Support Files/Pods-MyGithubUserSearch/Pods-MyGithubUserSearch.release.xcconfig"; sourceTree = "<group>"; };
		48F7F1FE5A475C0183862C9D /* Pods-MyGithubUserSearchTests.debug.xcconfig */ = {isa = PBXFileReference; includeInIndex = 1; lastKnownFileType = text.xcconfig; name = "Pods-MyGithubUserSearchTests.debug.xcconfig"; path = "Target Support Files/Pods-MyGithubUserSearchTests/Pods-MyGithubUserSearchTests.debug.xcconfig"; sourceTree = "<group>"; };
		5615257F8C47672A677CFA84 /* Pods-MyGithubUserSearch.debug.xcconfig */ = {isa = PBXFileReference; includeInIndex = 1; lastKnownFileType = text.xcconfig; name = "Pods-MyGithubUserSearch.debug.xcconfig"; path = "Target Support Files/Pods-MyGithubUserSearch/Pods-MyGithubUserSearch.debug.xcconfig"; sourceTree = "<group>"; };
		C4323F4C3AAF8F13C262D901 /* Pods_MyGithubUserSearchTests.framework */ = {isa = PBXFileReference; explicitFileType = wrapper.framework; includeInIndex = 0; path = Pods_MyGithubUserSearchTests.framework; sourceTree = BUILT_PRODUCTS_DIR; };
		E619842930ECFD69FAE99D79 /* Pods_MyGithubUserSearch.framework */ = {isa = PBXFileReference; explicitFileType = wrapper.framework; includeInIndex = 0; path = Pods_MyGithubUserSearch.framework; sourceTree = BUILT_PRODUCTS_DIR; };
		F04AC2670859E7C1403399D0 /* Pods-MyGithubUserSearchTests.release.xcconfig */ = {isa = PBXFileReference; includeInIndex = 1; lastKnownFileType = text.xcconfig; name = "Pods-MyGithubUserSearchTests.release.xcconfig"; path = "Target Support Files/Pods-MyGithubUserSearchTests/Pods-MyGithubUserSearchTests.release.xcconfig"; sourceTree = "<group>"; };
/* End PBXFileReference section */

/* Begin PBXFrameworksBuildPhase section */
		3687DCCD227EAD60002DECAE /* Frameworks */ = {
			isa = PBXFrameworksBuildPhase;
			buildActionMask = 2147483647;
			files = (
				3542930202897947C5895020 /* Pods_MyGithubUserSearch.framework in Frameworks */,
			);
			runOnlyForDeploymentPostprocessing = 0;
		};
		3687DCE1227EAD62002DECAE /* Frameworks */ = {
			isa = PBXFrameworksBuildPhase;
			buildActionMask = 2147483647;
			files = (
				9903C10116569632318FFD89 /* Pods_MyGithubUserSearchTests.framework in Frameworks */,
			);
			runOnlyForDeploymentPostprocessing = 0;
		};
/* End PBXFrameworksBuildPhase section */

/* Begin PBXGroup section */
		04805CF0170BFEC23550B426 /* Pods */ = {
			isa = PBXGroup;
			children = (
				5615257F8C47672A677CFA84 /* Pods-MyGithubUserSearch.debug.xcconfig */,
				48D21C2F0F8C2B764AFA1CEB /* Pods-MyGithubUserSearch.release.xcconfig */,
				48F7F1FE5A475C0183862C9D /* Pods-MyGithubUserSearchTests.debug.xcconfig */,
				F04AC2670859E7C1403399D0 /* Pods-MyGithubUserSearchTests.release.xcconfig */,
			);
			path = Pods;
			sourceTree = "<group>";
		};
		2E25DE7855B523C6B79C7045 /* Frameworks */ = {
			isa = PBXGroup;
			children = (
				E619842930ECFD69FAE99D79 /* Pods_MyGithubUserSearch.framework */,
				C4323F4C3AAF8F13C262D901 /* Pods_MyGithubUserSearchTests.framework */,
			);
			name = Frameworks;
			sourceTree = "<group>";
		};
		3687DCC7227EAD5F002DECAE = {
			isa = PBXGroup;
			children = (
				3687DCD2227EAD60002DECAE /* MyGithubUserSearch */,
				3687DCE7227EAD62002DECAE /* MyGithubUserSearchTests */,
				3687DCD1227EAD60002DECAE /* Products */,
				04805CF0170BFEC23550B426 /* Pods */,
				2E25DE7855B523C6B79C7045 /* Frameworks */,
			);
			sourceTree = "<group>";
		};
		3687DCD1227EAD60002DECAE /* Products */ = {
			isa = PBXGroup;
			children = (
				3687DCD0227EAD60002DECAE /* MyGithubUserSearch.app */,
				3687DCE4227EAD62002DECAE /* MyGithubUserSearchTests.xctest */,
			);
			name = Products;
			sourceTree = "<group>";
		};
		3687DCD2227EAD60002DECAE /* MyGithubUserSearch */ = {
			isa = PBXGroup;
			children = (
				3687DCFB22802130002DECAE /* Sources */,
				3687DCFA22802120002DECAE /* Resources */,
			);
			path = MyGithubUserSearch;
			sourceTree = "<group>";
		};
		3687DCE7227EAD62002DECAE /* MyGithubUserSearchTests */ = {
			isa = PBXGroup;
			children = (
				3687DCE8227EAD62002DECAE /* MyGithubUserSearchTests.swift */,
				3687DCEA227EAD62002DECAE /* Info.plist */,
			);
			path = MyGithubUserSearchTests;
			sourceTree = "<group>";
		};
		3687DCFA22802120002DECAE /* Resources */ = {
			isa = PBXGroup;
			children = (
				3687DCDA227EAD62002DECAE /* Assets.xcassets */,
				3687DCDC227EAD62002DECAE /* LaunchScreen.storyboard */,
				3687DCDF227EAD62002DECAE /* Info.plist */,
			);
			path = Resources;
			sourceTree = "<group>";
		};
		3687DCFB22802130002DECAE /* Sources */ = {
			isa = PBXGroup;
			children = (
				3687DD0622802DBA002DECAE /* Shared */,
				3687DD0722802DCD002DECAE /* Model */,
				3687DD0822802DF4002DECAE /* UserSearch */,
			);
			path = Sources;
			sourceTree = "<group>";
		};
		3687DD0622802DBA002DECAE /* Shared */ = {
			isa = PBXGroup;
			children = (
				3687DCD3227EAD60002DECAE /* AppDelegate.swift */,
				3687DD0422802B8E002DECAE /* UIKit+MyGithubUserSearch.swift */,
				3687DD0022802A1C002DECAE /* Constants.swift */,
				3687DCFE2280236F002DECAE /* GithubService.swift */,
			);
			path = Shared;
			sourceTree = "<group>";
		};
		3687DD0722802DCD002DECAE /* Model */ = {
			isa = PBXGroup;
			children = (
				3687DCFC228021D1002DECAE /* User.swift */,
			);
			path = Model;
			sourceTree = "<group>";
		};
		3687DD0822802DF4002DECAE /* UserSearch */ = {
			isa = PBXGroup;
			children = (
				3687DCD5227EAD60002DECAE /* UserSearchViewController.swift */,
				3687DD0B22803737002DECAE /* UserSearchReactor.swift */,
				3687DD0922802E11002DECAE /* UserSearchCell.swift */,
			);
			path = UserSearch;
			sourceTree = "<group>";
		};
/* End PBXGroup section */

/* Begin PBXNativeTarget section */
		3687DCCF227EAD60002DECAE /* MyGithubUserSearch */ = {
			isa = PBXNativeTarget;
			buildConfigurationList = 3687DCED227EAD62002DECAE /* Build configuration list for PBXNativeTarget "MyGithubUserSearch" */;
			buildPhases = (
				970C495135EC545FE7E0F551 /* [CP] Check Pods Manifest.lock */,
				3687DCCC227EAD60002DECAE /* Sources */,
				3687DCCD227EAD60002DECAE /* Frameworks */,
				3687DCCE227EAD60002DECAE /* Resources */,
				DD2B45D2B37520482CD6F3F1 /* [CP] Embed Pods Frameworks */,
			);
			buildRules = (
			);
			dependencies = (
			);
			name = MyGithubUserSearch;
			productName = MyGithubUserSearch;
			productReference = 3687DCD0227EAD60002DECAE /* MyGithubUserSearch.app */;
			productType = "com.apple.product-type.application";
		};
		3687DCE3227EAD62002DECAE /* MyGithubUserSearchTests */ = {
			isa = PBXNativeTarget;
			buildConfigurationList = 3687DCF0227EAD62002DECAE /* Build configuration list for PBXNativeTarget "MyGithubUserSearchTests" */;
			buildPhases = (
				2C66CA35588801918EC26BDF /* [CP] Check Pods Manifest.lock */,
				3687DCE0227EAD62002DECAE /* Sources */,
				3687DCE1227EAD62002DECAE /* Frameworks */,
				3687DCE2227EAD62002DECAE /* Resources */,
			);
			buildRules = (
			);
			dependencies = (
				3687DCE6227EAD62002DECAE /* PBXTargetDependency */,
			);
			name = MyGithubUserSearchTests;
			productName = MyGithubUserSearchTests;
			productReference = 3687DCE4227EAD62002DECAE /* MyGithubUserSearchTests.xctest */;
			productType = "com.apple.product-type.bundle.unit-test";
		};
/* End PBXNativeTarget section */

/* Begin PBXProject section */
		3687DCC8227EAD5F002DECAE /* Project object */ = {
			isa = PBXProject;
			attributes = {
				LastSwiftUpdateCheck = 1020;
				LastUpgradeCheck = 1020;
				ORGANIZATIONNAME = jinuman;
				TargetAttributes = {
					3687DCCF227EAD60002DECAE = {
						CreatedOnToolsVersion = 10.2.1;
					};
					3687DCE3227EAD62002DECAE = {
						CreatedOnToolsVersion = 10.2.1;
						TestTargetID = 3687DCCF227EAD60002DECAE;
					};
				};
			};
			buildConfigurationList = 3687DCCB227EAD5F002DECAE /* Build configuration list for PBXProject "MyGithubUserSearch" */;
			compatibilityVersion = "Xcode 9.3";
			developmentRegion = en;
			hasScannedForEncodings = 0;
			knownRegions = (
				en,
				Base,
			);
			mainGroup = 3687DCC7227EAD5F002DECAE;
			productRefGroup = 3687DCD1227EAD60002DECAE /* Products */;
			projectDirPath = "";
			projectRoot = "";
			targets = (
				3687DCCF227EAD60002DECAE /* MyGithubUserSearch */,
				3687DCE3227EAD62002DECAE /* MyGithubUserSearchTests */,
			);
		};
/* End PBXProject section */

/* Begin PBXResourcesBuildPhase section */
		3687DCCE227EAD60002DECAE /* Resources */ = {
			isa = PBXResourcesBuildPhase;
			buildActionMask = 2147483647;
			files = (
				3687DCDE227EAD62002DECAE /* LaunchScreen.storyboard in Resources */,
				3687DCDB227EAD62002DECAE /* Assets.xcassets in Resources */,
			);
			runOnlyForDeploymentPostprocessing = 0;
		};
		3687DCE2227EAD62002DECAE /* Resources */ = {
			isa = PBXResourcesBuildPhase;
			buildActionMask = 2147483647;
			files = (
			);
			runOnlyForDeploymentPostprocessing = 0;
		};
/* End PBXResourcesBuildPhase section */

/* Begin PBXShellScriptBuildPhase section */
		2C66CA35588801918EC26BDF /* [CP] Check Pods Manifest.lock */ = {
			isa = PBXShellScriptBuildPhase;
			buildActionMask = 2147483647;
			files = (
			);
			inputFileListPaths = (
			);
			inputPaths = (
				"${PODS_PODFILE_DIR_PATH}/Podfile.lock",
				"${PODS_ROOT}/Manifest.lock",
			);
			name = "[CP] Check Pods Manifest.lock";
			outputFileListPaths = (
			);
			outputPaths = (
				"$(DERIVED_FILE_DIR)/Pods-MyGithubUserSearchTests-checkManifestLockResult.txt",
			);
			runOnlyForDeploymentPostprocessing = 0;
			shellPath = /bin/sh;
			shellScript = "diff \"${PODS_PODFILE_DIR_PATH}/Podfile.lock\" \"${PODS_ROOT}/Manifest.lock\" > /dev/null\nif [ $? != 0 ] ; then\n    # print error to STDERR\n    echo \"error: The sandbox is not in sync with the Podfile.lock. Run 'pod install' or update your CocoaPods installation.\" >&2\n    exit 1\nfi\n# This output is used by Xcode 'outputs' to avoid re-running this script phase.\necho \"SUCCESS\" > \"${SCRIPT_OUTPUT_FILE_0}\"\n";
			showEnvVarsInLog = 0;
		};
		970C495135EC545FE7E0F551 /* [CP] Check Pods Manifest.lock */ = {
			isa = PBXShellScriptBuildPhase;
			buildActionMask = 2147483647;
			files = (
			);
			inputFileListPaths = (
			);
			inputPaths = (
				"${PODS_PODFILE_DIR_PATH}/Podfile.lock",
				"${PODS_ROOT}/Manifest.lock",
			);
			name = "[CP] Check Pods Manifest.lock";
			outputFileListPaths = (
			);
			outputPaths = (
				"$(DERIVED_FILE_DIR)/Pods-MyGithubUserSearch-checkManifestLockResult.txt",
			);
			runOnlyForDeploymentPostprocessing = 0;
			shellPath = /bin/sh;
			shellScript = "diff \"${PODS_PODFILE_DIR_PATH}/Podfile.lock\" \"${PODS_ROOT}/Manifest.lock\" > /dev/null\nif [ $? != 0 ] ; then\n    # print error to STDERR\n    echo \"error: The sandbox is not in sync with the Podfile.lock. Run 'pod install' or update your CocoaPods installation.\" >&2\n    exit 1\nfi\n# This output is used by Xcode 'outputs' to avoid re-running this script phase.\necho \"SUCCESS\" > \"${SCRIPT_OUTPUT_FILE_0}\"\n";
			showEnvVarsInLog = 0;
		};
		DD2B45D2B37520482CD6F3F1 /* [CP] Embed Pods Frameworks */ = {
			isa = PBXShellScriptBuildPhase;
			buildActionMask = 2147483647;
			files = (
			);
			inputFileListPaths = (
			);
			inputPaths = (
				"${PODS_ROOT}/Target Support Files/Pods-MyGithubUserSearch/Pods-MyGithubUserSearch-frameworks.sh",
				"${BUILT_PRODUCTS_DIR}/Differentiator/Differentiator.framework",
				"${BUILT_PRODUCTS_DIR}/ReactorKit/ReactorKit.framework",
				"${BUILT_PRODUCTS_DIR}/ReusableKit/ReusableKit.framework",
				"${BUILT_PRODUCTS_DIR}/RxCocoa/RxCocoa.framework",
				"${BUILT_PRODUCTS_DIR}/RxDataSources/RxDataSources.framework",
				"${BUILT_PRODUCTS_DIR}/RxRelay/RxRelay.framework",
				"${BUILT_PRODUCTS_DIR}/RxSwift/RxSwift.framework",
				"${BUILT_PRODUCTS_DIR}/Then/Then.framework",
			);
			name = "[CP] Embed Pods Frameworks";
			outputFileListPaths = (
			);
			outputPaths = (
				"${TARGET_BUILD_DIR}/${FRAMEWORKS_FOLDER_PATH}/Differentiator.framework",
				"${TARGET_BUILD_DIR}/${FRAMEWORKS_FOLDER_PATH}/ReactorKit.framework",
				"${TARGET_BUILD_DIR}/${FRAMEWORKS_FOLDER_PATH}/ReusableKit.framework",
				"${TARGET_BUILD_DIR}/${FRAMEWORKS_FOLDER_PATH}/RxCocoa.framework",
				"${TARGET_BUILD_DIR}/${FRAMEWORKS_FOLDER_PATH}/RxDataSources.framework",
				"${TARGET_BUILD_DIR}/${FRAMEWORKS_FOLDER_PATH}/RxRelay.framework",
				"${TARGET_BUILD_DIR}/${FRAMEWORKS_FOLDER_PATH}/RxSwift.framework",
				"${TARGET_BUILD_DIR}/${FRAMEWORKS_FOLDER_PATH}/Then.framework",
			);
			runOnlyForDeploymentPostprocessing = 0;
			shellPath = /bin/sh;
			shellScript = "\"${PODS_ROOT}/Target Support Files/Pods-MyGithubUserSearch/Pods-MyGithubUserSearch-frameworks.sh\"\n";
			showEnvVarsInLog = 0;
		};
/* End PBXShellScriptBuildPhase section */

/* Begin PBXSourcesBuildPhase section */
		3687DCCC227EAD60002DECAE /* Sources */ = {
			isa = PBXSourcesBuildPhase;
			buildActionMask = 2147483647;
			files = (
				3687DD0122802A1C002DECAE /* Constants.swift in Sources */,
				3687DCD6227EAD60002DECAE /* UserSearchViewController.swift in Sources */,
				3687DCD4227EAD60002DECAE /* AppDelegate.swift in Sources */,
				3687DCFF2280236F002DECAE /* GithubService.swift in Sources */,
				3687DD0522802B8E002DECAE /* UIKit+MyGithubUserSearch.swift in Sources */,
				3687DD0A22802E11002DECAE /* UserSearchCell.swift in Sources */,
				3687DCFD228021D1002DECAE /* User.swift in Sources */,
				3687DD0C22803737002DECAE /* UserSearchReactor.swift in Sources */,
			);
			runOnlyForDeploymentPostprocessing = 0;
		};
		3687DCE0227EAD62002DECAE /* Sources */ = {
			isa = PBXSourcesBuildPhase;
			buildActionMask = 2147483647;
			files = (
				3687DCE9227EAD62002DECAE /* MyGithubUserSearchTests.swift in Sources */,
			);
			runOnlyForDeploymentPostprocessing = 0;
		};
/* End PBXSourcesBuildPhase section */

/* Begin PBXTargetDependency section */
		3687DCE6227EAD62002DECAE /* PBXTargetDependency */ = {
			isa = PBXTargetDependency;
			target = 3687DCCF227EAD60002DECAE /* MyGithubUserSearch */;
			targetProxy = 3687DCE5227EAD62002DECAE /* PBXContainerItemProxy */;
		};
/* End PBXTargetDependency section */

/* Begin PBXVariantGroup section */
		3687DCDC227EAD62002DECAE /* LaunchScreen.storyboard */ = {
			isa = PBXVariantGroup;
			children = (
				3687DCDD227EAD62002DECAE /* Base */,
			);
			name = LaunchScreen.storyboard;
			sourceTree = "<group>";
		};
/* End PBXVariantGroup section */

/* Begin XCBuildConfiguration section */
		3687DCEB227EAD62002DECAE /* Debug */ = {
			isa = XCBuildConfiguration;
			buildSettings = {
				ALWAYS_SEARCH_USER_PATHS = NO;
				CLANG_ANALYZER_NONNULL = YES;
				CLANG_ANALYZER_NUMBER_OBJECT_CONVERSION = YES_AGGRESSIVE;
				CLANG_CXX_LANGUAGE_STANDARD = "gnu++14";
				CLANG_CXX_LIBRARY = "libc++";
				CLANG_ENABLE_MODULES = YES;
				CLANG_ENABLE_OBJC_ARC = YES;
				CLANG_ENABLE_OBJC_WEAK = YES;
				CLANG_WARN_BLOCK_CAPTURE_AUTORELEASING = YES;
				CLANG_WARN_BOOL_CONVERSION = YES;
				CLANG_WARN_COMMA = YES;
				CLANG_WARN_CONSTANT_CONVERSION = YES;
				CLANG_WARN_DEPRECATED_OBJC_IMPLEMENTATIONS = YES;
				CLANG_WARN_DIRECT_OBJC_ISA_USAGE = YES_ERROR;
				CLANG_WARN_DOCUMENTATION_COMMENTS = YES;
				CLANG_WARN_EMPTY_BODY = YES;
				CLANG_WARN_ENUM_CONVERSION = YES;
				CLANG_WARN_INFINITE_RECURSION = YES;
				CLANG_WARN_INT_CONVERSION = YES;
				CLANG_WARN_NON_LITERAL_NULL_CONVERSION = YES;
				CLANG_WARN_OBJC_IMPLICIT_RETAIN_SELF = YES;
				CLANG_WARN_OBJC_LITERAL_CONVERSION = YES;
				CLANG_WARN_OBJC_ROOT_CLASS = YES_ERROR;
				CLANG_WARN_RANGE_LOOP_ANALYSIS = YES;
				CLANG_WARN_STRICT_PROTOTYPES = YES;
				CLANG_WARN_SUSPICIOUS_MOVE = YES;
				CLANG_WARN_UNGUARDED_AVAILABILITY = YES_AGGRESSIVE;
				CLANG_WARN_UNREACHABLE_CODE = YES;
				CLANG_WARN__DUPLICATE_METHOD_MATCH = YES;
				CODE_SIGN_IDENTITY = "iPhone Developer";
				COPY_PHASE_STRIP = NO;
				DEBUG_INFORMATION_FORMAT = dwarf;
				ENABLE_STRICT_OBJC_MSGSEND = YES;
				ENABLE_TESTABILITY = YES;
				GCC_C_LANGUAGE_STANDARD = gnu11;
				GCC_DYNAMIC_NO_PIC = NO;
				GCC_NO_COMMON_BLOCKS = YES;
				GCC_OPTIMIZATION_LEVEL = 0;
				GCC_PREPROCESSOR_DEFINITIONS = (
					"DEBUG=1",
					"$(inherited)",
				);
				GCC_WARN_64_TO_32_BIT_CONVERSION = YES;
				GCC_WARN_ABOUT_RETURN_TYPE = YES_ERROR;
				GCC_WARN_UNDECLARED_SELECTOR = YES;
				GCC_WARN_UNINITIALIZED_AUTOS = YES_AGGRESSIVE;
				GCC_WARN_UNUSED_FUNCTION = YES;
				GCC_WARN_UNUSED_VARIABLE = YES;
				IPHONEOS_DEPLOYMENT_TARGET = 12.2;
				MTL_ENABLE_DEBUG_INFO = INCLUDE_SOURCE;
				MTL_FAST_MATH = YES;
				ONLY_ACTIVE_ARCH = YES;
				SDKROOT = iphoneos;
				SWIFT_ACTIVE_COMPILATION_CONDITIONS = DEBUG;
				SWIFT_OPTIMIZATION_LEVEL = "-Onone";
			};
			name = Debug;
		};
		3687DCEC227EAD62002DECAE /* Release */ = {
			isa = XCBuildConfiguration;
			buildSettings = {
				ALWAYS_SEARCH_USER_PATHS = NO;
				CLANG_ANALYZER_NONNULL = YES;
				CLANG_ANALYZER_NUMBER_OBJECT_CONVERSION = YES_AGGRESSIVE;
				CLANG_CXX_LANGUAGE_STANDARD = "gnu++14";
				CLANG_CXX_LIBRARY = "libc++";
				CLANG_ENABLE_MODULES = YES;
				CLANG_ENABLE_OBJC_ARC = YES;
				CLANG_ENABLE_OBJC_WEAK = YES;
				CLANG_WARN_BLOCK_CAPTURE_AUTORELEASING = YES;
				CLANG_WARN_BOOL_CONVERSION = YES;
				CLANG_WARN_COMMA = YES;
				CLANG_WARN_CONSTANT_CONVERSION = YES;
				CLANG_WARN_DEPRECATED_OBJC_IMPLEMENTATIONS = YES;
				CLANG_WARN_DIRECT_OBJC_ISA_USAGE = YES_ERROR;
				CLANG_WARN_DOCUMENTATION_COMMENTS = YES;
				CLANG_WARN_EMPTY_BODY = YES;
				CLANG_WARN_ENUM_CONVERSION = YES;
				CLANG_WARN_INFINITE_RECURSION = YES;
				CLANG_WARN_INT_CONVERSION = YES;
				CLANG_WARN_NON_LITERAL_NULL_CONVERSION = YES;
				CLANG_WARN_OBJC_IMPLICIT_RETAIN_SELF = YES;
				CLANG_WARN_OBJC_LITERAL_CONVERSION = YES;
				CLANG_WARN_OBJC_ROOT_CLASS = YES_ERROR;
				CLANG_WARN_RANGE_LOOP_ANALYSIS = YES;
				CLANG_WARN_STRICT_PROTOTYPES = YES;
				CLANG_WARN_SUSPICIOUS_MOVE = YES;
				CLANG_WARN_UNGUARDED_AVAILABILITY = YES_AGGRESSIVE;
				CLANG_WARN_UNREACHABLE_CODE = YES;
				CLANG_WARN__DUPLICATE_METHOD_MATCH = YES;
				CODE_SIGN_IDENTITY = "iPhone Developer";
				COPY_PHASE_STRIP = NO;
				DEBUG_INFORMATION_FORMAT = "dwarf-with-dsym";
				ENABLE_NS_ASSERTIONS = NO;
				ENABLE_STRICT_OBJC_MSGSEND = YES;
				GCC_C_LANGUAGE_STANDARD = gnu11;
				GCC_NO_COMMON_BLOCKS = YES;
				GCC_WARN_64_TO_32_BIT_CONVERSION = YES;
				GCC_WARN_ABOUT_RETURN_TYPE = YES_ERROR;
				GCC_WARN_UNDECLARED_SELECTOR = YES;
				GCC_WARN_UNINITIALIZED_AUTOS = YES_AGGRESSIVE;
				GCC_WARN_UNUSED_FUNCTION = YES;
				GCC_WARN_UNUSED_VARIABLE = YES;
				IPHONEOS_DEPLOYMENT_TARGET = 12.2;
				MTL_ENABLE_DEBUG_INFO = NO;
				MTL_FAST_MATH = YES;
				SDKROOT = iphoneos;
				SWIFT_COMPILATION_MODE = wholemodule;
				SWIFT_OPTIMIZATION_LEVEL = "-O";
				VALIDATE_PRODUCT = YES;
			};
			name = Release;
		};
		3687DCEE227EAD62002DECAE /* Debug */ = {
			isa = XCBuildConfiguration;
			baseConfigurationReference = 5615257F8C47672A677CFA84 /* Pods-MyGithubUserSearch.debug.xcconfig */;
			buildSettings = {
				ASSETCATALOG_COMPILER_APPICON_NAME = AppIcon;
				CODE_SIGN_STYLE = Automatic;
				INFOPLIST_FILE = "$(SRCROOT)/MyGithubUserSearch/Resources/Info.plist";
				LD_RUNPATH_SEARCH_PATHS = (
					"$(inherited)",
					"@executable_path/Frameworks",
				);
				PRODUCT_BUNDLE_IDENTIFIER = com.jinuman.MyGithubUserSearch;
				PRODUCT_NAME = "$(TARGET_NAME)";
				SWIFT_VERSION = 5.0;
				TARGETED_DEVICE_FAMILY = "1,2";
			};
			name = Debug;
		};
		3687DCEF227EAD62002DECAE /* Release */ = {
			isa = XCBuildConfiguration;
			baseConfigurationReference = 48D21C2F0F8C2B764AFA1CEB /* Pods-MyGithubUserSearch.release.xcconfig */;
			buildSettings = {
				ASSETCATALOG_COMPILER_APPICON_NAME = AppIcon;
				CODE_SIGN_STYLE = Automatic;
				INFOPLIST_FILE = "$(SRCROOT)/MyGithubUserSearch/Resources/Info.plist";
				LD_RUNPATH_SEARCH_PATHS = (
					"$(inherited)",
					"@executable_path/Frameworks",
				);
				PRODUCT_BUNDLE_IDENTIFIER = com.jinuman.MyGithubUserSearch;
				PRODUCT_NAME = "$(TARGET_NAME)";
				SWIFT_VERSION = 5.0;
				TARGETED_DEVICE_FAMILY = "1,2";
			};
			name = Release;
		};
		3687DCF1227EAD62002DECAE /* Debug */ = {
			isa = XCBuildConfiguration;
			baseConfigurationReference = 48F7F1FE5A475C0183862C9D /* Pods-MyGithubUserSearchTests.debug.xcconfig */;
			buildSettings = {
				ALWAYS_EMBED_SWIFT_STANDARD_LIBRARIES = YES;
				BUNDLE_LOADER = "$(TEST_HOST)";
				CODE_SIGN_STYLE = Automatic;
				INFOPLIST_FILE = MyGithubUserSearchTests/Info.plist;
				LD_RUNPATH_SEARCH_PATHS = (
					"$(inherited)",
					"@executable_path/Frameworks",
					"@loader_path/Frameworks",
				);
				PRODUCT_BUNDLE_IDENTIFIER = com.jinuman.MyGithubUserSearchTests;
				PRODUCT_NAME = "$(TARGET_NAME)";
				SWIFT_VERSION = 5.0;
				TARGETED_DEVICE_FAMILY = "1,2";
				TEST_HOST = "$(BUILT_PRODUCTS_DIR)/MyGithubUserSearch.app/MyGithubUserSearch";
			};
			name = Debug;
		};
		3687DCF2227EAD62002DECAE /* Release */ = {
			isa = XCBuildConfiguration;
			baseConfigurationReference = F04AC2670859E7C1403399D0 /* Pods-MyGithubUserSearchTests.release.xcconfig */;
			buildSettings = {
				ALWAYS_EMBED_SWIFT_STANDARD_LIBRARIES = YES;
				BUNDLE_LOADER = "$(TEST_HOST)";
				CODE_SIGN_STYLE = Automatic;
				INFOPLIST_FILE = MyGithubUserSearchTests/Info.plist;
				LD_RUNPATH_SEARCH_PATHS = (
					"$(inherited)",
					"@executable_path/Frameworks",
					"@loader_path/Frameworks",
				);
				PRODUCT_BUNDLE_IDENTIFIER = com.jinuman.MyGithubUserSearchTests;
				PRODUCT_NAME = "$(TARGET_NAME)";
				SWIFT_VERSION = 5.0;
				TARGETED_DEVICE_FAMILY = "1,2";
				TEST_HOST = "$(BUILT_PRODUCTS_DIR)/MyGithubUserSearch.app/MyGithubUserSearch";
			};
			name = Release;
		};
/* End XCBuildConfiguration section */

/* Begin XCConfigurationList section */
		3687DCCB227EAD5F002DECAE /* Build configuration list for PBXProject "MyGithubUserSearch" */ = {
			isa = XCConfigurationList;
			buildConfigurations = (
				3687DCEB227EAD62002DECAE /* Debug */,
				3687DCEC227EAD62002DECAE /* Release */,
			);
			defaultConfigurationIsVisible = 0;
			defaultConfigurationName = Release;
		};
		3687DCED227EAD62002DECAE /* Build configuration list for PBXNativeTarget "MyGithubUserSearch" */ = {
			isa = XCConfigurationList;
			buildConfigurations = (
				3687DCEE227EAD62002DECAE /* Debug */,
				3687DCEF227EAD62002DECAE /* Release */,
			);
			defaultConfigurationIsVisible = 0;
			defaultConfigurationName = Release;
		};
		3687DCF0227EAD62002DECAE /* Build configuration list for PBXNativeTarget "MyGithubUserSearchTests" */ = {
			isa = XCConfigurationList;
			buildConfigurations = (
				3687DCF1227EAD62002DECAE /* Debug */,
				3687DCF2227EAD62002DECAE /* Release */,
			);
			defaultConfigurationIsVisible = 0;
			defaultConfigurationName = Release;
		};
/* End XCConfigurationList section */
	};
	rootObject = 3687DCC8227EAD5F002DECAE /* Project object */;
}
